// !$*UTF8*$!
{
	archiveVersion = 1;
	classes = {
	};
	objectVersion = 48;
	objects = {

/* Begin PBXBuildFile section */
		049B26BE1F3AD67100E8AF30 /* AppDelegate.swift in Sources */ = {isa = PBXBuildFile; fileRef = 049B26BD1F3AD67100E8AF30 /* AppDelegate.swift */; };
		049B26C01F3AD67100E8AF30 /* ViewController.swift in Sources */ = {isa = PBXBuildFile; fileRef = 049B26BF1F3AD67100E8AF30 /* ViewController.swift */; };
		049B26C31F3AD67100E8AF30 /* Main.storyboard in Resources */ = {isa = PBXBuildFile; fileRef = 049B26C11F3AD67100E8AF30 /* Main.storyboard */; };
		049B26C51F3AD67100E8AF30 /* Assets.xcassets in Resources */ = {isa = PBXBuildFile; fileRef = 049B26C41F3AD67100E8AF30 /* Assets.xcassets */; };
		049B26C81F3AD67100E8AF30 /* LaunchScreen.storyboard in Resources */ = {isa = PBXBuildFile; fileRef = 049B26C61F3AD67100E8AF30 /* LaunchScreen.storyboard */; };
		049B26D01F3AD84200E8AF30 /* Plane.swift in Sources */ = {isa = PBXBuildFile; fileRef = 049B26CF1F3AD84200E8AF30 /* Plane.swift */; };
		049B26D41F3B0F6600E8AF30 /* tron_grid.png in Resources */ = {isa = PBXBuildFile; fileRef = 049B26D11F3ADADA00E8AF30 /* tron_grid.png */; };
/* End PBXBuildFile section */

/* Begin PBXFileReference section */
		049B26BA1F3AD67100E8AF30 /* ARKit-by-example-2.app */ = {isa = PBXFileReference; explicitFileType = wrapper.application; includeInIndex = 0; path = "ARKit-by-example-2.app"; sourceTree = BUILT_PRODUCTS_DIR; };
		049B26BD1F3AD67100E8AF30 /* AppDelegate.swift */ = {isa = PBXFileReference; lastKnownFileType = sourcecode.swift; path = AppDelegate.swift; sourceTree = "<group>"; };
		049B26BF1F3AD67100E8AF30 /* ViewController.swift */ = {isa = PBXFileReference; lastKnownFileType = sourcecode.swift; path = ViewController.swift; sourceTree = "<group>"; };
		049B26C21F3AD67100E8AF30 /* Base */ = {isa = PBXFileReference; lastKnownFileType = file.storyboard; name = Base; path = Base.lproj/Main.storyboard; sourceTree = "<group>"; };
		049B26C41F3AD67100E8AF30 /* Assets.xcassets */ = {isa = PBXFileReference; lastKnownFileType = folder.assetcatalog; path = Assets.xcassets; sourceTree = "<group>"; };
		049B26C71F3AD67100E8AF30 /* Base */ = {isa = PBXFileReference; lastKnownFileType = file.storyboard; name = Base; path = Base.lproj/LaunchScreen.storyboard; sourceTree = "<group>"; };
		049B26C91F3AD67100E8AF30 /* Info.plist */ = {isa = PBXFileReference; lastKnownFileType = text.plist.xml; path = Info.plist; sourceTree = "<group>"; };
		049B26CF1F3AD84200E8AF30 /* Plane.swift */ = {isa = PBXFileReference; lastKnownFileType = sourcecode.swift; path = Plane.swift; sourceTree = "<group>"; };
		049B26D11F3ADADA00E8AF30 /* tron_grid.png */ = {isa = PBXFileReference; lastKnownFileType = image.png; path = tron_grid.png; sourceTree = "<group>"; };
/* End PBXFileReference section */

/* Begin PBXFrameworksBuildPhase section */
		049B26B71F3AD67100E8AF30 /* Frameworks */ = {
			isa = PBXFrameworksBuildPhase;
			buildActionMask = 2147483647;
			files = (
			);
			runOnlyForDeploymentPostprocessing = 0;
		};
/* End PBXFrameworksBuildPhase section */

/* Begin PBXGroup section */
		049B26B11F3AD67100E8AF30 = {
			isa = PBXGroup;
			children = (
				049B26BC1F3AD67100E8AF30 /* ARKit-by-example-2 */,
				049B26BB1F3AD67100E8AF30 /* Products */,
			);
			sourceTree = "<group>";
		};
		049B26BB1F3AD67100E8AF30 /* Products */ = {
			isa = PBXGroup;
			children = (
				049B26BA1F3AD67100E8AF30 /* ARKit-by-example-2.app */,
			);
			name = Products;
			sourceTree = "<group>";
		};
		049B26BC1F3AD67100E8AF30 /* ARKit-by-example-2 */ = {
			isa = PBXGroup;
			children = (
				049B26D11F3ADADA00E8AF30 /* tron_grid.png */,
				049B26BD1F3AD67100E8AF30 /* AppDelegate.swift */,
				049B26BF1F3AD67100E8AF30 /* ViewController.swift */,
				049B26CF1F3AD84200E8AF30 /* Plane.swift */,
				049B26C11F3AD67100E8AF30 /* Main.storyboard */,
				049B26C41F3AD67100E8AF30 /* Assets.xcassets */,
				049B26C61F3AD67100E8AF30 /* LaunchScreen.storyboard */,
				049B26C91F3AD67100E8AF30 /* Info.plist */,
			);
			path = "ARKit-by-example-2";
			sourceTree = "<group>";
		};
/* End PBXGroup section */

/* Begin PBXNativeTarget section */
		049B26B91F3AD67100E8AF30 /* ARKit-by-example-2 */ = {
			isa = PBXNativeTarget;
			buildConfigurationList = 049B26CC1F3AD67100E8AF30 /* Build configuration list for PBXNativeTarget "ARKit-by-example-2" */;
			buildPhases = (
				049B26B61F3AD67100E8AF30 /* Sources */,
				049B26B71F3AD67100E8AF30 /* Frameworks */,
				049B26B81F3AD67100E8AF30 /* Resources */,
			);
			buildRules = (
			);
			dependencies = (
			);
			name = "ARKit-by-example-2";
			productName = "ARKit-by-example-2";
			productReference = 049B26BA1F3AD67100E8AF30 /* ARKit-by-example-2.app */;
			productType = "com.apple.product-type.application";
		};
/* End PBXNativeTarget section */

/* Begin PBXProject section */
		049B26B21F3AD67100E8AF30 /* Project object */ = {
			isa = PBXProject;
			attributes = {
				LastSwiftUpdateCheck = 0900;
				LastUpgradeCheck = 0900;
				ORGANIZATIONNAME = jiji;
				TargetAttributes = {
					049B26B91F3AD67100E8AF30 = {
						CreatedOnToolsVersion = 9.0;
					};
				};
			};
			buildConfigurationList = 049B26B51F3AD67100E8AF30 /* Build configuration list for PBXProject "ARKit-by-example-2" */;
			compatibilityVersion = "Xcode 8.0";
			developmentRegion = en;
			hasScannedForEncodings = 0;
			knownRegions = (
				en,
				Base,
			);
			mainGroup = 049B26B11F3AD67100E8AF30;
			productRefGroup = 049B26BB1F3AD67100E8AF30 /* Products */;
			projectDirPath = "";
			projectRoot = "";
			targets = (
				049B26B91F3AD67100E8AF30 /* ARKit-by-example-2 */,
			);
		};
/* End PBXProject section */

/* Begin PBXResourcesBuildPhase section */
		049B26B81F3AD67100E8AF30 /* Resources */ = {
			isa = PBXResourcesBuildPhase;
			buildActionMask = 2147483647;
			files = (
				049B26D41F3B0F6600E8AF30 /* tron_grid.png in Resources */,
				049B26C81F3AD67100E8AF30 /* LaunchScreen.storyboard in Resources */,
				049B26C51F3AD67100E8AF30 /* Assets.xcassets in Resources */,
				049B26C31F3AD67100E8AF30 /* Main.storyboard in Resources */,
			);
			runOnlyForDeploymentPostprocessing = 0;
		};
/* End PBXResourcesBuildPhase section */

/* Begin PBXSourcesBuildPhase section */
		049B26B61F3AD67100E8AF30 /* Sources */ = {
			isa = PBXSourcesBuildPhase;
			buildActionMask = 2147483647;
			files = (
				049B26C01F3AD67100E8AF30 /* ViewController.swift in Sources */,
				049B26D01F3AD84200E8AF30 /* Plane.swift in Sources */,
				049B26BE1F3AD67100E8AF30 /* AppDelegate.swift in Sources */,
			);
			runOnlyForDeploymentPostprocessing = 0;
		};
/* End PBXSourcesBuildPhase section */

/* Begin PBXVariantGroup section */
		049B26C11F3AD67100E8AF30 /* Main.storyboard */ = {
			isa = PBXVariantGroup;
			children = (
				049B26C21F3AD67100E8AF30 /* Base */,
			);
			name = Main.storyboard;
			sourceTree = "<group>";
		};
		049B26C61F3AD67100E8AF30 /* LaunchScreen.storyboard */ = {
			isa = PBXVariantGroup;
			children = (
				049B26C71F3AD67100E8AF30 /* Base */,
			);
			name = LaunchScreen.storyboard;
			sourceTree = "<group>";
		};
/* End PBXVariantGroup section */

/* Begin XCBuildConfiguration section */
		049B26CA1F3AD67100E8AF30 /* Debug */ = {
			isa = XCBuildConfiguration;
			buildSettings = {
				ALWAYS_SEARCH_USER_PATHS = NO;
				CLANG_ANALYZER_NONNULL = YES;
				CLANG_ANALYZER_NUMBER_OBJECT_CONVERSION = YES_AGGRESSIVE;
				CLANG_CXX_LANGUAGE_STANDARD = "gnu++14";
				CLANG_CXX_LIBRARY = "libc++";
				CLANG_ENABLE_MODULES = YES;
				CLANG_ENABLE_OBJC_ARC = YES;
				CLANG_WARN_BLOCK_CAPTURE_AUTORELEASING = YES;
				CLANG_WARN_BOOL_CONVERSION = YES;
				CLANG_WARN_COMMA = YES;
				CLANG_WARN_CONSTANT_CONVERSION = YES;
				CLANG_WARN_DIRECT_OBJC_ISA_USAGE = YES_ERROR;
				CLANG_WARN_DOCUMENTATION_COMMENTS = YES;
				CLANG_WARN_EMPTY_BODY = YES;
				CLANG_WARN_ENUM_CONVERSION = YES;
				CLANG_WARN_INFINITE_RECURSION = YES;
				CLANG_WARN_INT_CONVERSION = YES;
				CLANG_WARN_NON_LITERAL_NULL_CONVERSION = YES;
				CLANG_WARN_OBJC_LITERAL_CONVERSION = YES;
				CLANG_WARN_OBJC_ROOT_CLASS = YES_ERROR;
				CLANG_WARN_RANGE_LOOP_ANALYSIS = YES;
				CLANG_WARN_STRICT_PROTOTYPES = YES;
				CLANG_WARN_SUSPICIOUS_MOVE = YES;
				CLANG_WARN_UNGUARDED_AVAILABILITY = YES_AGGRESSIVE;
				CLANG_WARN_UNREACHABLE_CODE = YES;
				CLANG_WARN__DUPLICATE_METHOD_MATCH = YES;
				CODE_SIGN_IDENTITY = "iPhone Developer";
				COPY_PHASE_STRIP = NO;
				DEBUG_INFORMATION_FORMAT = dwarf;
				ENABLE_STRICT_OBJC_MSGSEND = YES;
				ENABLE_TESTABILITY = YES;
				GCC_C_LANGUAGE_STANDARD = gnu11;
				GCC_DYNAMIC_NO_PIC = NO;
				GCC_NO_COMMON_BLOCKS = YES;
				GCC_OPTIMIZATION_LEVEL = 0;
				GCC_PREPROCESSOR_DEFINITIONS = (
					"DEBUG=1",
					"$(inherited)",
				);
				GCC_WARN_64_TO_32_BIT_CONVERSION = YES;
				GCC_WARN_ABOUT_RETURN_TYPE = YES_ERROR;
				GCC_WARN_UNDECLARED_SELECTOR = YES;
				GCC_WARN_UNINITIALIZED_AUTOS = YES_AGGRESSIVE;
				GCC_WARN_UNUSED_FUNCTION = YES;
				GCC_WARN_UNUSED_VARIABLE = YES;
				IPHONEOS_DEPLOYMENT_TARGET = 11.0;
				MTL_ENABLE_DEBUG_INFO = YES;
				ONLY_ACTIVE_ARCH = YES;
				SDKROOT = iphoneos;
				SWIFT_ACTIVE_COMPILATION_CONDITIONS = DEBUG;
				SWIFT_OPTIMIZATION_LEVEL = "-Onone";
			};
			name = Debug;
		};
		049B26CB1F3AD67100E8AF30 /* Release */ = {
			isa = XCBuildConfiguration;
			buildSettings = {
				ALWAYS_SEARCH_USER_PATHS = NO;
				CLANG_ANALYZER_NONNULL = YES;
				CLANG_ANALYZER_NUMBER_OBJECT_CONVERSION = YES_AGGRESSIVE;
				CLANG_CXX_LANGUAGE_STANDARD = "gnu++14";
				CLANG_CXX_LIBRARY = "libc++";
				CLANG_ENABLE_MODULES = YES;
				CLANG_ENABLE_OBJC_ARC = YES;
				CLANG_WARN_BLOCK_CAPTURE_AUTORELEASING = YES;
				CLANG_WARN_BOOL_CONVERSION = YES;
				CLANG_WARN_COMMA = YES;
				CLANG_WARN_CONSTANT_CONVERSION = YES;
				CLANG_WARN_DIRECT_OBJC_ISA_USAGE = YES_ERROR;
				CLANG_WARN_DOCUMENTATION_COMMENTS = YES;
				CLANG_WARN_EMPTY_BODY = YES;
				CLANG_WARN_ENUM_CONVERSION = YES;
				CLANG_WARN_INFINITE_RECURSION = YES;
				CLANG_WARN_INT_CONVERSION = YES;
				CLANG_WARN_NON_LITERAL_NULL_CONVERSION = YES;
				CLANG_WARN_OBJC_LITERAL_CONVERSION = YES;
				CLANG_WARN_OBJC_ROOT_CLASS = YES_ERROR;
				CLANG_WARN_RANGE_LOOP_ANALYSIS = YES;
				CLANG_WARN_STRICT_PROTOTYPES = YES;
				CLANG_WARN_SUSPICIOUS_MOVE = YES;
				CLANG_WARN_UNGUARDED_AVAILABILITY = YES_AGGRESSIVE;
				CLANG_WARN_UNREACHABLE_CODE = YES;
				CLANG_WARN__DUPLICATE_METHOD_MATCH = YES;
				CODE_SIGN_IDENTITY = "iPhone Developer";
				COPY_PHASE_STRIP = NO;
				DEBUG_INFORMATION_FORMAT = "dwarf-with-dsym";
				ENABLE_NS_ASSERTIONS = NO;
				ENABLE_STRICT_OBJC_MSGSEND = YES;
				GCC_C_LANGUAGE_STANDARD = gnu11;
				GCC_NO_COMMON_BLOCKS = YES;
				GCC_WARN_64_TO_32_BIT_CONVERSION = YES;
				GCC_WARN_ABOUT_RETURN_TYPE = YES_ERROR;
				GCC_WARN_UNDECLARED_SELECTOR = YES;
				GCC_WARN_UNINITIALIZED_AUTOS = YES_AGGRESSIVE;
				GCC_WARN_UNUSED_FUNCTION = YES;
				GCC_WARN_UNUSED_VARIABLE = YES;
				IPHONEOS_DEPLOYMENT_TARGET = 11.0;
				MTL_ENABLE_DEBUG_INFO = NO;
				SDKROOT = iphoneos;
				SWIFT_OPTIMIZATION_LEVEL = "-Owholemodule";
				VALIDATE_PRODUCT = YES;
			};
			name = Release;
		};
		049B26CD1F3AD67100E8AF30 /* Debug */ = {
			isa = XCBuildConfiguration;
			buildSettings = {
				ASSETCATALOG_COMPILER_APPICON_NAME = AppIcon;
				DEVELOPMENT_TEAM = HK3977TE22;
				INFOPLIST_FILE = "ARKit-by-example-2/Info.plist";
				LD_RUNPATH_SEARCH_PATHS = "$(inherited) @executable_path/Frameworks";
				PRODUCT_BUNDLE_IDENTIFIER = "com.jiji.ARKit-by-example-2";
				PRODUCT_NAME = "$(TARGET_NAME)";
				SWIFT_VERSION = 4.0;
				TARGETED_DEVICE_FAMILY = "1,2";
			};
			name = Debug;
		};
		049B26CE1F3AD67100E8AF30 /* Release */ = {
			isa = XCBuildConfiguration;
			buildSettings = {
				ASSETCATALOG_COMPILER_APPICON_NAME = AppIcon;
				DEVELOPMENT_TEAM = HK3977TE22;
				INFOPLIST_FILE = "ARKit-by-example-2/Info.plist";
				LD_RUNPATH_SEARCH_PATHS = "$(inherited) @executable_path/Frameworks";
				PRODUCT_BUNDLE_IDENTIFIER = "com.jiji.ARKit-by-example-2";
				PRODUCT_NAME = "$(TARGET_NAME)";
				SWIFT_VERSION = 4.0;
				TARGETED_DEVICE_FAMILY = "1,2";
			};
			name = Release;
		};
/* End XCBuildConfiguration section */

/* Begin XCConfigurationList section */
		049B26B51F3AD67100E8AF30 /* Build configuration list for PBXProject "ARKit-by-example-2" */ = {
			isa = XCConfigurationList;
			buildConfigurations = (
				049B26CA1F3AD67100E8AF30 /* Debug */,
				049B26CB1F3AD67100E8AF30 /* Release */,
			);
			defaultConfigurationIsVisible = 0;
			defaultConfigurationName = Release;
		};
		049B26CC1F3AD67100E8AF30 /* Build configuration list for PBXNativeTarget "ARKit-by-example-2" */ = {
			isa = XCConfigurationList;
			buildConfigurations = (
				049B26CD1F3AD67100E8AF30 /* Debug */,
				049B26CE1F3AD67100E8AF30 /* Release */,
			);
			defaultConfigurationIsVisible = 0;
			defaultConfigurationName = Release;
		};
/* End XCConfigurationList section */
	};
	rootObject = 049B26B21F3AD67100E8AF30 /* Project object */;
}
